{
  "version": 4,
  "terraform_version": "1.1.3",
  "serial": 3,
  "lineage": "81fab29b-0de0-c44b-99f0-e6dc880a2d77",
  "outputs": {
    "external_ip_address_vm_1": {
      "value": "62.84.124.8",
      "type": "string"
    },
    "internal_ip_address_vm_1": {
      "value": "10.128.0.33",
      "type": "string"
    }
  },
  "resources": [
    {
      "mode": "managed",
      "type": "local_file",
      "name": "hosts_ini",
      "provider": "provider[\"registry.terraform.io/hashicorp/local\"]",
      "instances": [
        {
          "schema_version": 0,
          "attributes": {
            "content": "[hw10]\r\nsf-project10\tansible_host=62.84.124.8\r\n\r\n[hw10:vars]\r\nansible_ssh_user=cloud-user\r\n",
            "content_base64": null,
            "directory_permission": "0777",
            "file_permission": "0777",
            "filename": "../ansible/hosts.ini",
            "id": "2cb101202b732049d728bf737ff439f3de1b2870",
            "sensitive_content": null,
            "source": null
          },
          "sensitive_attributes": [],
          "private": "bnVsbA==",
          "dependencies": [
            "yandex_compute_instance.vm-1"
          ]
        }
      ]
    },
    {
      "mode": "managed",
      "type": "yandex_compute_instance",
      "name": "vm-1",
      "provider": "provider[\"registry.terraform.io/yandex-cloud/yandex\"]",
      "instances": [
        {
          "schema_version": 1,
          "attributes": {
            "allow_stopping_for_update": null,
            "boot_disk": [
              {
                "auto_delete": true,
                "device_name": "fhmiuie1nnh2ivlg5ac4",
                "disk_id": "fhmiuie1nnh2ivlg5ac4",
                "initialize_params": [
                  {
                    "block_size": 4096,
                    "description": "",
                    "image_id": "fd8q9honj0ga5pjdkk0u",
                    "name": "",
                    "size": 20,
                    "snapshot_id": "",
                    "type": "network-hdd"
                  }
                ],
                "mode": "READ_WRITE"
              }
            ],
            "created_at": "2022-03-02T02:36:05Z",
            "description": "",
            "folder_id": "b1gvns50d3kqbq6difhv",
            "fqdn": "fhmg5g9g0q4jebpeegut.auto.internal",
            "hostname": "fhmg5g9g0q4jebpeegut",
            "id": "fhmg5g9g0q4jebpeegut",
            "labels": null,
            "metadata": {
              "ssh-keys": "user:ssh-rsa AAAAB3NzaC1yc2EAAAADAQABAAABAQDcaulvGZ9CKUd0/fVrWRSaEMpk5HAaYC7dWLrVjMAB4S0al4z88sP7pkdLByzDn/djqiLjktiJIrPy/OQwIURY4rlYC1EswP/Y6WqKS3XxSs7PJKrlbjvan6z/RubVNqTBwP5cJfmN1y3ZtGtYGanZHlVH3k8zmgmOwO4TAgvULTmbQ2rNMkdL+ifSR0RwB6XPPSEYIA23FBa6egWIQA8OjQtWvVBtArov5+CHbVW0uO4OpZ5bX49JBmltCfq4DZ0WDV3kS/MXx09wDhHkRR0XVTNPwuzWhi5p2LZf2w2FzYCq1R4r2DUaiWPIT0UiOn5GMftioq+Q4XbpWFNqXard root@rn-scm\n"
            },
            "name": "sf-project10",
            "network_acceleration_type": "standard",
            "network_interface": [
              {
                "dns_record": [],
                "index": 0,
                "ip_address": "10.128.0.33",
                "ipv4": true,
                "ipv6": false,
                "ipv6_address": "",
                "ipv6_dns_record": [],
                "mac_address": "d0:0d:10:2c:13:00",
                "nat": true,
                "nat_dns_record": [],
                "nat_ip_address": "62.84.124.8",
                "nat_ip_version": "IPV4",
                "security_group_ids": [],
                "subnet_id": "e9b641h3qponppitdva6"
              }
            ],
            "placement_policy": [
              {
                "placement_group_id": ""
              }
            ],
            "platform_id": "standard-v1",
            "resources": [
              {
                "core_fraction": 5,
                "cores": 2,
                "gpus": 0,
                "memory": 2
              }
            ],
            "scheduling_policy": [
              {
                "preemptible": false
              }
            ],
            "secondary_disk": [],
            "service_account_id": "",
            "status": "running",
            "timeouts": null,
            "zone": "ru-central1-a"
          },
          "sensitive_attributes": [],
          "private": "eyJlMmJmYjczMC1lY2FhLTExZTYtOGY4OC0zNDM2M2JjN2M0YzAiOnsiY3JlYXRlIjozMDAwMDAwMDAwMDAsImRlbGV0ZSI6MzAwMDAwMDAwMDAwLCJ1cGRhdGUiOjMwMDAwMDAwMDAwMH0sInNjaGVtYV92ZXJzaW9uIjoiMSJ9"
        }
      ]
    }
  ]
}
